
Microsoft Visual Studio Solution File, Format Version 12.00
# Visual Studio Version 17
VisualStudioVersion = 17.0.31903.59
MinimumVisualStudioVersion = 10.0.40219.1
Project("{FAE04EC0-301F-11D3-BF4B-00C04F79EFBC}") = "SystemActivityMonitor.Data", "SystemActivityMonitor.Data\SystemActivityMonitor.Data.csproj", "{8BB44240-0BA0-49FC-BD97-975A7B73D823}"
EndProject
Project("{FAE04EC0-301F-11D3-BF4B-00C04F79EFBC}") = "SystemActivityMonitor.ConsoleApp", "SystemActivityMonitor.ConsoleApp\SystemActivityMonitor.ConsoleApp.csproj", "{8609AEFD-3C4E-40B6-BD17-FBD7972857A2}"
EndProject
Project("{FAE04EC0-301F-11D3-BF4B-00C04F79EFBC}") = "SystemActivityMonitor.UI", "SystemActivityMonitor.UI\SystemActivityMonitor.UI.csproj", "{ED29C1CE-82D4-4C0B-9D5F-130FD5B315F9}"
EndProject
Global
	GlobalSection(SolutionConfigurationPlatforms) = preSolution
		Debug|Any CPU = Debug|Any CPU
		Debug|x64 = Debug|x64
		Debug|x86 = Debug|x86
		Release|Any CPU = Release|Any CPU
		Release|x64 = Release|x64
		Release|x86 = Release|x86
	EndGlobalSection
	GlobalSection(ProjectConfigurationPlatforms) = postSolution
		{8BB44240-0BA0-49FC-BD97-975A7B73D823}.Debug|Any CPU.ActiveCfg = Debug|Any CPU
		{8BB44240-0BA0-49FC-BD97-975A7B73D823}.Debug|Any CPU.Build.0 = Debug|Any CPU
		{8BB44240-0BA0-49FC-BD97-975A7B73D823}.Debug|x64.ActiveCfg = Debug|Any CPU
		{8BB44240-0BA0-49FC-BD97-975A7B73D823}.Debug|x64.Build.0 = Debug|Any CPU
		{8BB44240-0BA0-49FC-BD97-975A7B73D823}.Debug|x86.ActiveCfg = Debug|Any CPU
		{8BB44240-0BA0-49FC-BD97-975A7B73D823}.Debug|x86.Build.0 = Debug|Any CPU
		{8BB44240-0BA0-49FC-BD97-975A7B73D823}.Release|Any CPU.ActiveCfg = Release|Any CPU
		{8BB44240-0BA0-49FC-BD97-975A7B73D823}.Release|Any CPU.Build.0 = Release|Any CPU
		{8BB44240-0BA0-49FC-BD97-975A7B73D823}.Release|x64.ActiveCfg = Release|Any CPU
		{8BB44240-0BA0-49FC-BD97-975A7B73D823}.Release|x64.Build.0 = Release|Any CPU
		{8BB44240-0BA0-49FC-BD97-975A7B73D823}.Release|x86.ActiveCfg = Release|Any CPU
		{8BB44240-0BA0-49FC-BD97-975A7B73D823}.Release|x86.Build.0 = Release|Any CPU
		{8609AEFD-3C4E-40B6-BD17-FBD7972857A2}.Debug|Any CPU.ActiveCfg = Debug|Any CPU
		{8609AEFD-3C4E-40B6-BD17-FBD7972857A2}.Debug|Any CPU.Build.0 = Debug|Any CPU
		{8609AEFD-3C4E-40B6-BD17-FBD7972857A2}.Debug|x64.ActiveCfg = Debug|Any CPU
		{8609AEFD-3C4E-40B6-BD17-FBD7972857A2}.Debug|x64.Build.0 = Debug|Any CPU
		{8609AEFD-3C4E-40B6-BD17-FBD7972857A2}.Debug|x86.ActiveCfg = Debug|Any CPU
		{8609AEFD-3C4E-40B6-BD17-FBD7972857A2}.Debug|x86.Build.0 = Debug|Any CPU
		{8609AEFD-3C4E-40B6-BD17-FBD7972857A2}.Release|Any CPU.ActiveCfg = Release|Any CPU
		{8609AEFD-3C4E-40B6-BD17-FBD7972857A2}.Release|Any CPU.Build.0 = Release|Any CPU
		{8609AEFD-3C4E-40B6-BD17-FBD7972857A2}.Release|x64.ActiveCfg = Release|Any CPU
		{8609AEFD-3C4E-40B6-BD17-FBD7972857A2}.Release|x64.Build.0 = Release|Any CPU
		{8609AEFD-3C4E-40B6-BD17-FBD7972857A2}.Release|x86.ActiveCfg = Release|Any CPU
		{8609AEFD-3C4E-40B6-BD17-FBD7972857A2}.Release|x86.Build.0 = Release|Any CPU
		{ED29C1CE-82D4-4C0B-9D5F-130FD5B315F9}.Debug|Any CPU.ActiveCfg = Debug|Any CPU
		{ED29C1CE-82D4-4C0B-9D5F-130FD5B315F9}.Debug|Any CPU.Build.0 = Debug|Any CPU
		{ED29C1CE-82D4-4C0B-9D5F-130FD5B315F9}.Debug|x64.ActiveCfg = Debug|Any CPU
		{ED29C1CE-82D4-4C0B-9D5F-130FD5B315F9}.Debug|x64.Build.0 = Debug|Any CPU
		{ED29C1CE-82D4-4C0B-9D5F-130FD5B315F9}.Debug|x86.ActiveCfg = Debug|Any CPU
		{ED29C1CE-82D4-4C0B-9D5F-130FD5B315F9}.Debug|x86.Build.0 = Debug|Any CPU
		{ED29C1CE-82D4-4C0B-9D5F-130FD5B315F9}.Release|Any CPU.ActiveCfg = Release|Any CPU
		{ED29C1CE-82D4-4C0B-9D5F-130FD5B315F9}.Release|Any CPU.Build.0 = Release|Any CPU
		{ED29C1CE-82D4-4C0B-9D5F-130FD5B315F9}.Release|x64.ActiveCfg = Release|Any CPU
		{ED29C1CE-82D4-4C0B-9D5F-130FD5B315F9}.Release|x64.Build.0 = Release|Any CPU
		{ED29C1CE-82D4-4C0B-9D5F-130FD5B315F9}.Release|x86.ActiveCfg = Release|Any CPU
		{ED29C1CE-82D4-4C0B-9D5F-130FD5B315F9}.Release|x86.Build.0 = Release|Any CPU
	EndGlobalSection
	GlobalSection(SolutionProperties) = preSolution
		HideSolutionNode = FALSE
	EndGlobalSection
EndGlobal
